
Microsoft Visual Studio Solution File, Format Version 12.00
# Visual Studio Version 17
VisualStudioVersion = 17.11.35327.3
MinimumVisualStudioVersion = 10.0.40219.1
Project("{9A19103F-16F7-4668-BE54-9A1E7A4F7556}") = "ASPUnit20", "ASPUnit20\ASPUnit20.csproj", "{167F2689-5FA5-4BBE-A14E-8215BAB44D29}"
EndProject
Project("{FAE04EC0-301F-11D3-BF4B-00C04F79EFBC}") = "testing.asp.net", "testing.asp.net\testing.asp.net.csproj", "{40793469-344A-4ABB-A22A-C1610ED0647A}"
EndProject
Global
	GlobalSection(SolutionConfigurationPlatforms) = preSolution
		Debug|Any CPU = Debug|Any CPU
		Release|Any CPU = Release|Any CPU
	EndGlobalSection
	GlobalSection(ProjectConfigurationPlatforms) = postSolution
		{167F2689-5FA5-4BBE-A14E-8215BAB44D29}.Debug|Any CPU.ActiveCfg = Debug|Any CPU
		{167F2689-5FA5-4BBE-A14E-8215BAB44D29}.Debug|Any CPU.Build.0 = Debug|Any CPU
		{167F2689-5FA5-4BBE-A14E-8215BAB44D29}.Release|Any CPU.ActiveCfg = Release|Any CPU
		{167F2689-5FA5-4BBE-A14E-8215BAB44D29}.Release|Any CPU.Build.0 = Release|Any CPU
		{40793469-344A-4ABB-A22A-C1610ED0647A}.Debug|Any CPU.ActiveCfg = Debug|Any CPU
		{40793469-344A-4ABB-A22A-C1610ED0647A}.Debug|Any CPU.Build.0 = Debug|Any CPU
		{40793469-344A-4ABB-A22A-C1610ED0647A}.Release|Any CPU.ActiveCfg = Release|Any CPU
		{40793469-344A-4ABB-A22A-C1610ED0647A}.Release|Any CPU.Build.0 = Release|Any CPU
	EndGlobalSection
	GlobalSection(SolutionProperties) = preSolution
		HideSolutionNode = FALSE
	EndGlobalSection
	GlobalSection(ExtensibilityGlobals) = postSolution
		SolutionGuid = {749C12D4-0B47-461A-BCE0-03661D34AFFE}
	EndGlobalSection
EndGlobal
